
Microsoft Visual Studio Solution File, Format Version 12.00
# Visual Studio Version 17
VisualStudioVersion = 17.0.32126.317
MinimumVisualStudioVersion = 10.0.40219.1
Project("{FAE04EC0-301F-11D3-BF4B-00C04F79EFBC}") = "BrayanMaradiaga", "BrayanMaradiaga\BrayanMaradiaga.csproj", "{6EB9AED4-7F7D-42FC-8F2B-1796BBDA34D2}"
EndProject
Global
	GlobalSection(SolutionConfigurationPlatforms) = preSolution
		Debug|Any CPU = Debug|Any CPU
		Release|Any CPU = Release|Any CPU
	EndGlobalSection
	GlobalSection(ProjectConfigurationPlatforms) = postSolution
		{6EB9AED4-7F7D-42FC-8F2B-1796BBDA34D2}.Debug|Any CPU.ActiveCfg = Debug|Any CPU
		{6EB9AED4-7F7D-42FC-8F2B-1796BBDA34D2}.Debug|Any CPU.Build.0 = Debug|Any CPU
		{6EB9AED4-7F7D-42FC-8F2B-1796BBDA34D2}.Release|Any CPU.ActiveCfg = Release|Any CPU
		{6EB9AED4-7F7D-42FC-8F2B-1796BBDA34D2}.Release|Any CPU.Build.0 = Release|Any CPU
	EndGlobalSection
	GlobalSection(SolutionProperties) = preSolution
		HideSolutionNode = FALSE
	EndGlobalSection
	GlobalSection(ExtensibilityGlobals) = postSolution
		SolutionGuid = {CB8178BB-870F-42F7-BF5A-6815DB4E05B8}
	EndGlobalSection
EndGlobal
